Microsoft Visual Studio Solution File, Format Version 9.00
# Visual Studio 2005
Project("{8BC9CEB8-8B4A-11D0-8D11-00A0C91BC942}") = "commandline", "commandline\commandline.vcproj", "{A52260BA-03D2-3FB4-A3B0-D008E3FD6BC6}"
	ProjectSection(WebsiteProperties) = preProject
		Debug.AspNetCompiler.Debug = "True"
		Release.AspNetCompiler.Debug = "False"
	EndProjectSection
EndProject
Project("{8BC9CEB8-8B4A-11D0-8D11-00A0C91BC942}") = "copasiDM", "CopasiDataModel\copasiDM.vcproj", "{ABF34A45-1515-36DD-86FF-E8F8BA7504BD}"
	ProjectSection(WebsiteProperties) = preProject
		Debug.AspNetCompiler.Debug = "True"
		Release.AspNetCompiler.Debug = "False"
	EndProjectSection
EndProject
Project("{8BC9CEB8-8B4A-11D0-8D11-00A0C91BC942}") = "compareExpressions", "compareExpressions\compareExpressions.vcproj", "{79E13602-4929-33A6-AE57-383512584B11}"
	ProjectSection(WebsiteProperties) = preProject
		Debug.AspNetCompiler.Debug = "True"
		Release.AspNetCompiler.Debug = "False"
	EndProjectSection
EndProject
Project("{8BC9CEB8-8B4A-11D0-8D11-00A0C91BC942}") = "elementaryFluxModes", "elementaryFluxModes\elementaryFluxModes.vcproj", "{9BF9105D-F004-36D3-8EB4-EE15157030A7}"
	ProjectSection(WebsiteProperties) = preProject
		Debug.AspNetCompiler.Debug = "True"
		Release.AspNetCompiler.Debug = "False"
	EndProjectSection
EndProject
Project("{8BC9CEB8-8B4A-11D0-8D11-00A0C91BC942}") = "function", "function\function.vcproj", "{66CAE857-E6AB-35FD-BEAB-5A09F4B7DDF4}"
	ProjectSection(WebsiteProperties) = preProject
		Debug.AspNetCompiler.Debug = "True"
		Release.AspNetCompiler.Debug = "False"
	EndProjectSection
EndProject
Project("{8BC9CEB8-8B4A-11D0-8D11-00A0C91BC942}") = "layout", "layout\layout.vcproj", "{9D256C2B-E78D-377A-ABD2-E6834CBC3A7B}"
	ProjectSection(WebsiteProperties) = preProject
		Debug.AspNetCompiler.Debug = "True"
		Release.AspNetCompiler.Debug = "False"
	EndProjectSection
EndProject
Project("{8BC9CEB8-8B4A-11D0-8D11-00A0C91BC942}") = "lyap", "lyap\lyap.vcproj", "{3DD74BCB-7B51-39CF-998F-AA4C817A80B7}"
	ProjectSection(WebsiteProperties) = preProject
		Debug.AspNetCompiler.Debug = "True"
		Release.AspNetCompiler.Debug = "False"
	EndProjectSection
EndProject
Project("{8BC9CEB8-8B4A-11D0-8D11-00A0C91BC942}") = "model", "model\model.vcproj", "{60EB039F-A80C-397C-983D-8E0AB26B6628}"
	ProjectSection(WebsiteProperties) = preProject
		Debug.AspNetCompiler.Debug = "True"
		Release.AspNetCompiler.Debug = "False"
	EndProjectSection
EndProject
Project("{8BC9CEB8-8B4A-11D0-8D11-00A0C91BC942}") = "moieties", "moieties\moieties.vcproj", "{4EB458CB-C58C-3440-B0E2-1D8F00A39450}"
	ProjectSection(WebsiteProperties) = preProject
		Debug.AspNetCompiler.Debug = "True"
		Release.AspNetCompiler.Debug = "False"
	EndProjectSection
EndProject
Project("{8BC9CEB8-8B4A-11D0-8D11-00A0C91BC942}") = "MIRIAM", "MIRIAM\MIRIAM.vcproj", "{D31F3832-B784-363C-BD17-F3BAD81755D9}"
	ProjectSection(WebsiteProperties) = preProject
		Debug.AspNetCompiler.Debug = "True"
		Release.AspNetCompiler.Debug = "False"
	EndProjectSection
EndProject
Project("{8BC9CEB8-8B4A-11D0-8D11-00A0C91BC942}") = "odepack++", "odepack++\odepack++.vcproj", "{FF43BD6B-5C27-39B4-9F9C-C8A81EDDAC3F}"
	ProjectSection(WebsiteProperties) = preProject
		Debug.AspNetCompiler.Debug = "True"
		Release.AspNetCompiler.Debug = "False"
	EndProjectSection
EndProject
Project("{8BC9CEB8-8B4A-11D0-8D11-00A0C91BC942}") = "optimization", "optimization\optimization.vcproj", "{1EBE01B9-6AD9-31AD-B3F3-64D62C1D9EB6}"
	ProjectSection(WebsiteProperties) = preProject
		Debug.AspNetCompiler.Debug = "True"
		Release.AspNetCompiler.Debug = "False"
	EndProjectSection
EndProject
Project("{8BC9CEB8-8B4A-11D0-8D11-00A0C91BC942}") = "fitting", "parameterFitting\fitting.vcproj", "{50A06642-4687-3F14-BA2A-772954EED0F5}"
	ProjectSection(WebsiteProperties) = preProject
		Debug.AspNetCompiler.Debug = "True"
		Release.AspNetCompiler.Debug = "False"
	EndProjectSection
EndProject
Project("{8BC9CEB8-8B4A-11D0-8D11-00A0C91BC942}") = "plot", "plot\plot.vcproj", "{7C65D83A-9365-3483-BECC-8681DF10A728}"
	ProjectSection(WebsiteProperties) = preProject
		Debug.AspNetCompiler.Debug = "True"
		Release.AspNetCompiler.Debug = "False"
	EndProjectSection
EndProject
Project("{8BC9CEB8-8B4A-11D0-8D11-00A0C91BC942}") = "randomGenerator", "randomGenerator\randomGenerator.vcproj", "{0EEEBC26-0EF1-3331-AC0B-31F7255704EE}"
	ProjectSection(WebsiteProperties) = preProject
		Debug.AspNetCompiler.Debug = "True"
		Release.AspNetCompiler.Debug = "False"
	EndProjectSection
EndProject
Project("{8BC9CEB8-8B4A-11D0-8D11-00A0C91BC942}") = "report", "report\report.vcproj", "{4D657684-BCC0-3F19-98D6-87694E3D5144}"
	ProjectSection(WebsiteProperties) = preProject
		Debug.AspNetCompiler.Debug = "True"
		Release.AspNetCompiler.Debug = "False"
	EndProjectSection
EndProject
Project("{8BC9CEB8-8B4A-11D0-8D11-00A0C91BC942}") = "sbmlimport", "sbml\sbmlimport.vcproj", "{EBDCDA57-F834-3B47-A99B-5FDBDD81998A}"
	ProjectSection(WebsiteProperties) = preProject
		Debug.AspNetCompiler.Debug = "True"
		Release.AspNetCompiler.Debug = "False"
	EndProjectSection
EndProject
Project("{8BC9CEB8-8B4A-11D0-8D11-00A0C91BC942}") = "sbmlunit", "sbmlunit\sbmlunit.vcproj", "{3A3D360D-9A3D-38B7-A5BD-3C94C252D040}"
	ProjectSection(WebsiteProperties) = preProject
		Debug.AspNetCompiler.Debug = "True"
		Release.AspNetCompiler.Debug = "False"
	EndProjectSection
EndProject
Project("{8BC9CEB8-8B4A-11D0-8D11-00A0C91BC942}") = "scan", "scan\scan.vcproj", "{CF93A344-7195-381E-A669-38F1800DA4EF}"
	ProjectSection(WebsiteProperties) = preProject
		Debug.AspNetCompiler.Debug = "True"
		Release.AspNetCompiler.Debug = "False"
	EndProjectSection
EndProject
Project("{8BC9CEB8-8B4A-11D0-8D11-00A0C91BC942}") = "sensitivities", "sensitivities\sensitivities.vcproj", "{747B54FE-62FE-33AA-8AD3-7AABA57D3A5B}"
	ProjectSection(WebsiteProperties) = preProject
		Debug.AspNetCompiler.Debug = "True"
		Release.AspNetCompiler.Debug = "False"
	EndProjectSection
EndProject
Project("{8BC9CEB8-8B4A-11D0-8D11-00A0C91BC942}") = "steadystate", "steadystate\steadystate.vcproj", "{795F712D-082B-38B4-8FD1-69786D9035F2}"
	ProjectSection(WebsiteProperties) = preProject
		Debug.AspNetCompiler.Debug = "True"
		Release.AspNetCompiler.Debug = "False"
	EndProjectSection
EndProject
Project("{8BC9CEB8-8B4A-11D0-8D11-00A0C91BC942}") = "trajectory", "trajectory\trajectory.vcproj", "{50DD3104-16A6-37FE-87F1-A9277B5DA7D4}"
	ProjectSection(WebsiteProperties) = preProject
		Debug.AspNetCompiler.Debug = "True"
		Release.AspNetCompiler.Debug = "False"
	EndProjectSection
EndProject
Project("{8BC9CEB8-8B4A-11D0-8D11-00A0C91BC942}") = "tss", "tss\tss.vcproj", "{73F52A2B-C816-382B-BB6F-D72C7849B535}"
	ProjectSection(WebsiteProperties) = preProject
		Debug.AspNetCompiler.Debug = "True"
		Release.AspNetCompiler.Debug = "False"
	EndProjectSection
EndProject
Project("{8BC9CEB8-8B4A-11D0-8D11-00A0C91BC942}") = "tssanalysis", "tssanalysis\tssanalysis.vcproj", "{1A9646DE-38A5-3E62-9167-0BEE6371F272}"
	ProjectSection(WebsiteProperties) = preProject
		Debug.AspNetCompiler.Debug = "True"
		Release.AspNetCompiler.Debug = "False"
	EndProjectSection
EndProject
Project("{8BC9CEB8-8B4A-11D0-8D11-00A0C91BC942}") = "utilities", "utilities\utilities.vcproj", "{2902EDCF-81B6-348A-9A3E-97852EA457C5}"
	ProjectSection(WebsiteProperties) = preProject
		Debug.AspNetCompiler.Debug = "True"
		Release.AspNetCompiler.Debug = "False"
	EndProjectSection
EndProject
Project("{8BC9CEB8-8B4A-11D0-8D11-00A0C91BC942}") = "copasiXML", "xml\copasiXML.vcproj", "{C6391904-C386-35E0-B359-7B1CA6D9F74E}"
	ProjectSection(WebsiteProperties) = preProject
		Debug.AspNetCompiler.Debug = "True"
		Release.AspNetCompiler.Debug = "False"
	EndProjectSection
EndProject
Project("{8BC9CEB8-8B4A-11D0-8D11-00A0C91BC942}") = "barChart", "barChart\barChart.vcproj", "{02A6A082-32DB-3CAE-91F5-E0D16445BFD8}"
	ProjectSection(WebsiteProperties) = preProject
		Debug.AspNetCompiler.Debug = "True"
		Release.AspNetCompiler.Debug = "False"
	EndProjectSection
EndProject
Project("{8BC9CEB8-8B4A-11D0-8D11-00A0C91BC942}") = "layoutUI", "layoutUI\layoutUI.vcproj", "{C1774AE0-2EC2-3DFC-96EA-81B4AF3F6307}"
	ProjectSection(WebsiteProperties) = preProject
		Debug.AspNetCompiler.Debug = "True"
		Release.AspNetCompiler.Debug = "False"
	EndProjectSection
EndProject
Project("{8BC9CEB8-8B4A-11D0-8D11-00A0C91BC942}") = "MIRIAMUI", "MIRIAMUI\MIRIAMUI.vcproj", "{58C696B8-B378-31D3-A88C-6E93B4BF84B5}"
	ProjectSection(WebsiteProperties) = preProject
		Debug.AspNetCompiler.Debug = "True"
		Release.AspNetCompiler.Debug = "False"
	EndProjectSection
EndProject
Project("{8BC9CEB8-8B4A-11D0-8D11-00A0C91BC942}") = "plotUI", "plotUI\plotUI.vcproj", "{4E9890F2-8C9A-335F-8F72-A965CC436407}"
	ProjectSection(WebsiteProperties) = preProject
		Debug.AspNetCompiler.Debug = "True"
		Release.AspNetCompiler.Debug = "False"
	EndProjectSection
EndProject
Project("{8BC9CEB8-8B4A-11D0-8D11-00A0C91BC942}") = "wizard", "wizard\wizard.vcproj", "{E6C3FDCC-1E2D-37A6-96C3-30CDAEE8729A}"
	ProjectSection(WebsiteProperties) = preProject
		Debug.AspNetCompiler.Debug = "True"
		Release.AspNetCompiler.Debug = "False"
	EndProjectSection
EndProject
Project("{8BC9CEB8-8B4A-11D0-8D11-00A0C91BC942}") = "mml", "mml\mml.vcproj", "{635A607B-9B34-37B6-9814-57249D0E5DA3}"
	ProjectSection(WebsiteProperties) = preProject
		Debug.AspNetCompiler.Debug = "True"
		Release.AspNetCompiler.Debug = "False"
	EndProjectSection
EndProject
Project("{8BC9CEB8-8B4A-11D0-8D11-00A0C91BC942}") = "tex", "tex\tex.vcproj", "{C2E8DB4E-B7D9-31A3-86D8-D3127E600552}"
	ProjectSection(WebsiteProperties) = preProject
		Debug.AspNetCompiler.Debug = "True"
		Release.AspNetCompiler.Debug = "False"
	EndProjectSection
EndProject
Project("{8BC9CEB8-8B4A-11D0-8D11-00A0C91BC942}") = "UI", "UI\UI.vcproj", "{01F401EF-0F3F-3B47-9C27-1DDB76FE5B73}"
	ProjectSection(WebsiteProperties) = preProject
		Debug.AspNetCompiler.Debug = "True"
		Release.AspNetCompiler.Debug = "False"
	EndProjectSection
	ProjectSection(ProjectDependencies) = postProject
		{E6C3FDCC-1E2D-37A6-96C3-30CDAEE8729A} = {E6C3FDCC-1E2D-37A6-96C3-30CDAEE8729A}
	EndProjectSection
EndProject
Project("{8BC9CEB8-8B4A-11D0-8D11-00A0C91BC942}") = "CopasiSE", "CopasiSE\CopasiSE.vcproj", "{7FAF0B98-8730-3585-9F9B-C27EAA78F46F}"
	ProjectSection(WebsiteProperties) = preProject
		Debug.AspNetCompiler.Debug = "True"
		Release.AspNetCompiler.Debug = "False"
	EndProjectSection
	ProjectSection(ProjectDependencies) = postProject
		{EA97F727-7A90-48A7-B913-76891B74A069} = {EA97F727-7A90-48A7-B913-76891B74A069}
	EndProjectSection
EndProject
Project("{8BC9CEB8-8B4A-11D0-8D11-00A0C91BC942}") = "CopasiUI", "CopasiUI\CopasiUI.vcproj", "{BE599B56-0C3D-355D-924F-9D894E23203C}"
	ProjectSection(WebsiteProperties) = preProject
		Debug.AspNetCompiler.Debug = "True"
		Release.AspNetCompiler.Debug = "False"
	EndProjectSection
	ProjectSection(ProjectDependencies) = postProject
		{EA97F727-7A90-48A7-B913-76891B74A069} = {EA97F727-7A90-48A7-B913-76891B74A069}
		{11BF41F6-8FF3-40CD-BCD5-09C9875F9284} = {11BF41F6-8FF3-40CD-BCD5-09C9875F9284}
	EndProjectSection
EndProject
Project("{8BC9CEB8-8B4A-11D0-8D11-00A0C91BC942}") = "1_configure", "1_configure.vcproj", "{8613B5D3-7663-4012-8430-47CD312EEAD3}"
	ProjectSection(WebsiteProperties) = preProject
		Debug.AspNetCompiler.Debug = "True"
		Release.AspNetCompiler.Debug = "False"
	EndProjectSection
EndProject
Project("{8BC9CEB8-8B4A-11D0-8D11-00A0C91BC942}") = "libSE", "libs\COPASISE\libSE.vcproj", "{EA97F727-7A90-48A7-B913-76891B74A069}"
	ProjectSection(WebsiteProperties) = preProject
		Debug.AspNetCompiler.Debug = "True"
		Release.AspNetCompiler.Debug = "False"
	EndProjectSection
	ProjectSection(ProjectDependencies) = postProject
		{73F52A2B-C816-382B-BB6F-D72C7849B535} = {73F52A2B-C816-382B-BB6F-D72C7849B535}
		{3DD74BCB-7B51-39CF-998F-AA4C817A80B7} = {3DD74BCB-7B51-39CF-998F-AA4C817A80B7}
		{D8C2ED1D-B769-39DF-B885-5A7693EDD92D} = {D8C2ED1D-B769-39DF-B885-5A7693EDD92D}
		{C6391904-C386-35E0-B359-7B1CA6D9F74E} = {C6391904-C386-35E0-B359-7B1CA6D9F74E}
		{66CAE857-E6AB-35FD-BEAB-5A09F4B7DDF4} = {66CAE857-E6AB-35FD-BEAB-5A09F4B7DDF4}
		{FF43BD6B-5C27-39B4-9F9C-C8A81EDDAC3F} = {FF43BD6B-5C27-39B4-9F9C-C8A81EDDAC3F}
		{EBDCDA57-F834-3B47-A99B-5FDBDD81998A} = {EBDCDA57-F834-3B47-A99B-5FDBDD81998A}
		{CF93A344-7195-381E-A669-38F1800DA4EF} = {CF93A344-7195-381E-A669-38F1800DA4EF}
		{9D256C2B-E78D-377A-ABD2-E6834CBC3A7B} = {9D256C2B-E78D-377A-ABD2-E6834CBC3A7B}
		{2902EDCF-81B6-348A-9A3E-97852EA457C5} = {2902EDCF-81B6-348A-9A3E-97852EA457C5}
		{0EEEBC26-0EF1-3331-AC0B-31F7255704EE} = {0EEEBC26-0EF1-3331-AC0B-31F7255704EE}
		{ABF34A45-1515-36DD-86FF-E8F8BA7504BD} = {ABF34A45-1515-36DD-86FF-E8F8BA7504BD}
		{60EB039F-A80C-397C-983D-8E0AB26B6628} = {60EB039F-A80C-397C-983D-8E0AB26B6628}
		{9BF9105D-F004-36D3-8EB4-EE15157030A7} = {9BF9105D-F004-36D3-8EB4-EE15157030A7}
		{1A9646DE-38A5-3E62-9167-0BEE6371F272} = {1A9646DE-38A5-3E62-9167-0BEE6371F272}
		{747B54FE-62FE-33AA-8AD3-7AABA57D3A5B} = {747B54FE-62FE-33AA-8AD3-7AABA57D3A5B}
		{7C65D83A-9365-3483-BECC-8681DF10A728} = {7C65D83A-9365-3483-BECC-8681DF10A728}
		{D31F3832-B784-363C-BD17-F3BAD81755D9} = {D31F3832-B784-363C-BD17-F3BAD81755D9}
		{3A3D360D-9A3D-38B7-A5BD-3C94C252D040} = {3A3D360D-9A3D-38B7-A5BD-3C94C252D040}
		{795F712D-082B-38B4-8FD1-69786D9035F2} = {795F712D-082B-38B4-8FD1-69786D9035F2}
		{A52260BA-03D2-3FB4-A3B0-D008E3FD6BC6} = {A52260BA-03D2-3FB4-A3B0-D008E3FD6BC6}
		{50A06642-4687-3F14-BA2A-772954EED0F5} = {50A06642-4687-3F14-BA2A-772954EED0F5}
		{4EB458CB-C58C-3440-B0E2-1D8F00A39450} = {4EB458CB-C58C-3440-B0E2-1D8F00A39450}
		{79E13602-4929-33A6-AE57-383512584B11} = {79E13602-4929-33A6-AE57-383512584B11}
		{4D657684-BCC0-3F19-98D6-87694E3D5144} = {4D657684-BCC0-3F19-98D6-87694E3D5144}
		{50DD3104-16A6-37FE-87F1-A9277B5DA7D4} = {50DD3104-16A6-37FE-87F1-A9277B5DA7D4}
		{1EBE01B9-6AD9-31AD-B3F3-64D62C1D9EB6} = {1EBE01B9-6AD9-31AD-B3F3-64D62C1D9EB6}
	EndProjectSection
EndProject
Project("{8BC9CEB8-8B4A-11D0-8D11-00A0C91BC942}") = "libUI", "libs\COPASIUI\libUI.vcproj", "{11BF41F6-8FF3-40CD-BCD5-09C9875F9284}"
	ProjectSection(WebsiteProperties) = preProject
		Debug.AspNetCompiler.Debug = "True"
		Release.AspNetCompiler.Debug = "False"
	EndProjectSection
	ProjectSection(ProjectDependencies) = postProject
		{E6C3FDCC-1E2D-37A6-96C3-30CDAEE8729A} = {E6C3FDCC-1E2D-37A6-96C3-30CDAEE8729A}
		{635A607B-9B34-37B6-9814-57249D0E5DA3} = {635A607B-9B34-37B6-9814-57249D0E5DA3}
		{4E9890F2-8C9A-335F-8F72-A965CC436407} = {4E9890F2-8C9A-335F-8F72-A965CC436407}
		{C1774AE0-2EC2-3DFC-96EA-81B4AF3F6307} = {C1774AE0-2EC2-3DFC-96EA-81B4AF3F6307}
		{01F401EF-0F3F-3B47-9C27-1DDB76FE5B73} = {01F401EF-0F3F-3B47-9C27-1DDB76FE5B73}
		{C2E8DB4E-B7D9-31A3-86D8-D3127E600552} = {C2E8DB4E-B7D9-31A3-86D8-D3127E600552}
		{58C696B8-B378-31D3-A88C-6E93B4BF84B5} = {58C696B8-B378-31D3-A88C-6E93B4BF84B5}
		{02A6A082-32DB-3CAE-91F5-E0D16445BFD8} = {02A6A082-32DB-3CAE-91F5-E0D16445BFD8}
	EndProjectSection
EndProject
Project("{8BC9CEB8-8B4A-11D0-8D11-00A0C91BC942}") = "crosssection", "crosssection\crosssection.vcproj", "{D8C2ED1D-B769-39DF-B885-5A7693EDD92D}"
	ProjectSection(WebsiteProperties) = preProject
		Debug.AspNetCompiler.Debug = "True"
		Release.AspNetCompiler.Debug = "False"
	EndProjectSection
EndProject
Global
	GlobalSection(SolutionConfigurationPlatforms) = preSolution
		Debug|Win32 = Debug|Win32
		Release|Win32 = Release|Win32
	EndGlobalSection
	GlobalSection(ProjectConfigurationPlatforms) = postSolution
		{A52260BA-03D2-3FB4-A3B0-D008E3FD6BC6}.Debug|Win32.ActiveCfg = Debug|Win32
		{A52260BA-03D2-3FB4-A3B0-D008E3FD6BC6}.Debug|Win32.Build.0 = Debug|Win32
		{A52260BA-03D2-3FB4-A3B0-D008E3FD6BC6}.Release|Win32.ActiveCfg = Release|Win32
		{A52260BA-03D2-3FB4-A3B0-D008E3FD6BC6}.Release|Win32.Build.0 = Release|Win32
		{ABF34A45-1515-36DD-86FF-E8F8BA7504BD}.Debug|Win32.ActiveCfg = Debug|Win32
		{ABF34A45-1515-36DD-86FF-E8F8BA7504BD}.Debug|Win32.Build.0 = Debug|Win32
		{ABF34A45-1515-36DD-86FF-E8F8BA7504BD}.Release|Win32.ActiveCfg = Release|Win32
		{ABF34A45-1515-36DD-86FF-E8F8BA7504BD}.Release|Win32.Build.0 = Release|Win32
		{79E13602-4929-33A6-AE57-383512584B11}.Debug|Win32.ActiveCfg = Debug|Win32
		{79E13602-4929-33A6-AE57-383512584B11}.Debug|Win32.Build.0 = Debug|Win32
		{79E13602-4929-33A6-AE57-383512584B11}.Release|Win32.ActiveCfg = Release|Win32
		{79E13602-4929-33A6-AE57-383512584B11}.Release|Win32.Build.0 = Release|Win32
		{9BF9105D-F004-36D3-8EB4-EE15157030A7}.Debug|Win32.ActiveCfg = Debug|Win32
		{9BF9105D-F004-36D3-8EB4-EE15157030A7}.Debug|Win32.Build.0 = Debug|Win32
		{9BF9105D-F004-36D3-8EB4-EE15157030A7}.Release|Win32.ActiveCfg = Release|Win32
		{9BF9105D-F004-36D3-8EB4-EE15157030A7}.Release|Win32.Build.0 = Release|Win32
		{66CAE857-E6AB-35FD-BEAB-5A09F4B7DDF4}.Debug|Win32.ActiveCfg = Debug|Win32
		{66CAE857-E6AB-35FD-BEAB-5A09F4B7DDF4}.Debug|Win32.Build.0 = Debug|Win32
		{66CAE857-E6AB-35FD-BEAB-5A09F4B7DDF4}.Release|Win32.ActiveCfg = Release|Win32
		{66CAE857-E6AB-35FD-BEAB-5A09F4B7DDF4}.Release|Win32.Build.0 = Release|Win32
		{9D256C2B-E78D-377A-ABD2-E6834CBC3A7B}.Debug|Win32.ActiveCfg = Debug|Win32
		{9D256C2B-E78D-377A-ABD2-E6834CBC3A7B}.Debug|Win32.Build.0 = Debug|Win32
		{9D256C2B-E78D-377A-ABD2-E6834CBC3A7B}.Release|Win32.ActiveCfg = Release|Win32
		{9D256C2B-E78D-377A-ABD2-E6834CBC3A7B}.Release|Win32.Build.0 = Release|Win32
		{3DD74BCB-7B51-39CF-998F-AA4C817A80B7}.Debug|Win32.ActiveCfg = Debug|Win32
		{3DD74BCB-7B51-39CF-998F-AA4C817A80B7}.Debug|Win32.Build.0 = Debug|Win32
		{3DD74BCB-7B51-39CF-998F-AA4C817A80B7}.Release|Win32.ActiveCfg = Release|Win32
		{3DD74BCB-7B51-39CF-998F-AA4C817A80B7}.Release|Win32.Build.0 = Release|Win32
		{60EB039F-A80C-397C-983D-8E0AB26B6628}.Debug|Win32.ActiveCfg = Debug|Win32
		{60EB039F-A80C-397C-983D-8E0AB26B6628}.Debug|Win32.Build.0 = Debug|Win32
		{60EB039F-A80C-397C-983D-8E0AB26B6628}.Release|Win32.ActiveCfg = Release|Win32
		{60EB039F-A80C-397C-983D-8E0AB26B6628}.Release|Win32.Build.0 = Release|Win32
		{4EB458CB-C58C-3440-B0E2-1D8F00A39450}.Debug|Win32.ActiveCfg = Debug|Win32
		{4EB458CB-C58C-3440-B0E2-1D8F00A39450}.Debug|Win32.Build.0 = Debug|Win32
		{4EB458CB-C58C-3440-B0E2-1D8F00A39450}.Release|Win32.ActiveCfg = Release|Win32
		{4EB458CB-C58C-3440-B0E2-1D8F00A39450}.Release|Win32.Build.0 = Release|Win32
		{D31F3832-B784-363C-BD17-F3BAD81755D9}.Debug|Win32.ActiveCfg = Debug|Win32
		{D31F3832-B784-363C-BD17-F3BAD81755D9}.Debug|Win32.Build.0 = Debug|Win32
		{D31F3832-B784-363C-BD17-F3BAD81755D9}.Release|Win32.ActiveCfg = Release|Win32
		{D31F3832-B784-363C-BD17-F3BAD81755D9}.Release|Win32.Build.0 = Release|Win32
		{FF43BD6B-5C27-39B4-9F9C-C8A81EDDAC3F}.Debug|Win32.ActiveCfg = Debug|Win32
		{FF43BD6B-5C27-39B4-9F9C-C8A81EDDAC3F}.Debug|Win32.Build.0 = Debug|Win32
		{FF43BD6B-5C27-39B4-9F9C-C8A81EDDAC3F}.Release|Win32.ActiveCfg = Release|Win32
		{FF43BD6B-5C27-39B4-9F9C-C8A81EDDAC3F}.Release|Win32.Build.0 = Release|Win32
		{1EBE01B9-6AD9-31AD-B3F3-64D62C1D9EB6}.Debug|Win32.ActiveCfg = Debug|Win32
		{1EBE01B9-6AD9-31AD-B3F3-64D62C1D9EB6}.Debug|Win32.Build.0 = Debug|Win32
		{1EBE01B9-6AD9-31AD-B3F3-64D62C1D9EB6}.Release|Win32.ActiveCfg = Release|Win32
		{1EBE01B9-6AD9-31AD-B3F3-64D62C1D9EB6}.Release|Win32.Build.0 = Release|Win32
		{50A06642-4687-3F14-BA2A-772954EED0F5}.Debug|Win32.ActiveCfg = Debug|Win32
		{50A06642-4687-3F14-BA2A-772954EED0F5}.Debug|Win32.Build.0 = Debug|Win32
		{50A06642-4687-3F14-BA2A-772954EED0F5}.Release|Win32.ActiveCfg = Release|Win32
		{50A06642-4687-3F14-BA2A-772954EED0F5}.Release|Win32.Build.0 = Release|Win32
		{7C65D83A-9365-3483-BECC-8681DF10A728}.Debug|Win32.ActiveCfg = Debug|Win32
		{7C65D83A-9365-3483-BECC-8681DF10A728}.Debug|Win32.Build.0 = Debug|Win32
		{7C65D83A-9365-3483-BECC-8681DF10A728}.Release|Win32.ActiveCfg = Release|Win32
		{7C65D83A-9365-3483-BECC-8681DF10A728}.Release|Win32.Build.0 = Release|Win32
		{0EEEBC26-0EF1-3331-AC0B-31F7255704EE}.Debug|Win32.ActiveCfg = Debug|Win32
		{0EEEBC26-0EF1-3331-AC0B-31F7255704EE}.Debug|Win32.Build.0 = Debug|Win32
		{0EEEBC26-0EF1-3331-AC0B-31F7255704EE}.Release|Win32.ActiveCfg = Release|Win32
		{0EEEBC26-0EF1-3331-AC0B-31F7255704EE}.Release|Win32.Build.0 = Release|Win32
		{4D657684-BCC0-3F19-98D6-87694E3D5144}.Debug|Win32.ActiveCfg = Debug|Win32
		{4D657684-BCC0-3F19-98D6-87694E3D5144}.Debug|Win32.Build.0 = Debug|Win32
		{4D657684-BCC0-3F19-98D6-87694E3D5144}.Release|Win32.ActiveCfg = Release|Win32
		{4D657684-BCC0-3F19-98D6-87694E3D5144}.Release|Win32.Build.0 = Release|Win32
		{EBDCDA57-F834-3B47-A99B-5FDBDD81998A}.Debug|Win32.ActiveCfg = Debug|Win32
		{EBDCDA57-F834-3B47-A99B-5FDBDD81998A}.Debug|Win32.Build.0 = Debug|Win32
		{EBDCDA57-F834-3B47-A99B-5FDBDD81998A}.Release|Win32.ActiveCfg = Release|Win32
		{EBDCDA57-F834-3B47-A99B-5FDBDD81998A}.Release|Win32.Build.0 = Release|Win32
		{3A3D360D-9A3D-38B7-A5BD-3C94C252D040}.Debug|Win32.ActiveCfg = Debug|Win32
		{3A3D360D-9A3D-38B7-A5BD-3C94C252D040}.Debug|Win32.Build.0 = Debug|Win32
		{3A3D360D-9A3D-38B7-A5BD-3C94C252D040}.Release|Win32.ActiveCfg = Release|Win32
		{3A3D360D-9A3D-38B7-A5BD-3C94C252D040}.Release|Win32.Build.0 = Release|Win32
		{CF93A344-7195-381E-A669-38F1800DA4EF}.Debug|Win32.ActiveCfg = Debug|Win32
		{CF93A344-7195-381E-A669-38F1800DA4EF}.Debug|Win32.Build.0 = Debug|Win32
		{CF93A344-7195-381E-A669-38F1800DA4EF}.Release|Win32.ActiveCfg = Release|Win32
		{CF93A344-7195-381E-A669-38F1800DA4EF}.Release|Win32.Build.0 = Release|Win32
		{747B54FE-62FE-33AA-8AD3-7AABA57D3A5B}.Debug|Win32.ActiveCfg = Debug|Win32
		{747B54FE-62FE-33AA-8AD3-7AABA57D3A5B}.Debug|Win32.Build.0 = Debug|Win32
		{747B54FE-62FE-33AA-8AD3-7AABA57D3A5B}.Release|Win32.ActiveCfg = Release|Win32
		{747B54FE-62FE-33AA-8AD3-7AABA57D3A5B}.Release|Win32.Build.0 = Release|Win32
		{795F712D-082B-38B4-8FD1-69786D9035F2}.Debug|Win32.ActiveCfg = Debug|Win32
		{795F712D-082B-38B4-8FD1-69786D9035F2}.Debug|Win32.Build.0 = Debug|Win32
		{795F712D-082B-38B4-8FD1-69786D9035F2}.Release|Win32.ActiveCfg = Release|Win32
		{795F712D-082B-38B4-8FD1-69786D9035F2}.Release|Win32.Build.0 = Release|Win32
		{50DD3104-16A6-37FE-87F1-A9277B5DA7D4}.Debug|Win32.ActiveCfg = Debug|Win32
		{50DD3104-16A6-37FE-87F1-A9277B5DA7D4}.Debug|Win32.Build.0 = Debug|Win32
		{50DD3104-16A6-37FE-87F1-A9277B5DA7D4}.Release|Win32.ActiveCfg = Release|Win32
		{50DD3104-16A6-37FE-87F1-A9277B5DA7D4}.Release|Win32.Build.0 = Release|Win32
		{73F52A2B-C816-382B-BB6F-D72C7849B535}.Debug|Win32.ActiveCfg = Debug|Win32
		{73F52A2B-C816-382B-BB6F-D72C7849B535}.Debug|Win32.Build.0 = Debug|Win32
		{73F52A2B-C816-382B-BB6F-D72C7849B535}.Release|Win32.ActiveCfg = Release|Win32
		{73F52A2B-C816-382B-BB6F-D72C7849B535}.Release|Win32.Build.0 = Release|Win32
		{1A9646DE-38A5-3E62-9167-0BEE6371F272}.Debug|Win32.ActiveCfg = Debug|Win32
		{1A9646DE-38A5-3E62-9167-0BEE6371F272}.Debug|Win32.Build.0 = Debug|Win32
		{1A9646DE-38A5-3E62-9167-0BEE6371F272}.Release|Win32.ActiveCfg = Release|Win32
		{1A9646DE-38A5-3E62-9167-0BEE6371F272}.Release|Win32.Build.0 = Release|Win32
		{2902EDCF-81B6-348A-9A3E-97852EA457C5}.Debug|Win32.ActiveCfg = Debug|Win32
		{2902EDCF-81B6-348A-9A3E-97852EA457C5}.Debug|Win32.Build.0 = Debug|Win32
		{2902EDCF-81B6-348A-9A3E-97852EA457C5}.Release|Win32.ActiveCfg = Release|Win32
		{2902EDCF-81B6-348A-9A3E-97852EA457C5}.Release|Win32.Build.0 = Release|Win32
		{C6391904-C386-35E0-B359-7B1CA6D9F74E}.Debug|Win32.ActiveCfg = Debug|Win32
		{C6391904-C386-35E0-B359-7B1CA6D9F74E}.Debug|Win32.Build.0 = Debug|Win32
		{C6391904-C386-35E0-B359-7B1CA6D9F74E}.Release|Win32.ActiveCfg = Release|Win32
		{C6391904-C386-35E0-B359-7B1CA6D9F74E}.Release|Win32.Build.0 = Release|Win32
		{02A6A082-32DB-3CAE-91F5-E0D16445BFD8}.Debug|Win32.ActiveCfg = Debug|Win32
		{02A6A082-32DB-3CAE-91F5-E0D16445BFD8}.Debug|Win32.Build.0 = Debug|Win32
		{02A6A082-32DB-3CAE-91F5-E0D16445BFD8}.Release|Win32.ActiveCfg = Release|Win32
		{02A6A082-32DB-3CAE-91F5-E0D16445BFD8}.Release|Win32.Build.0 = Release|Win32
		{C1774AE0-2EC2-3DFC-96EA-81B4AF3F6307}.Debug|Win32.ActiveCfg = Debug|Win32
		{C1774AE0-2EC2-3DFC-96EA-81B4AF3F6307}.Debug|Win32.Build.0 = Debug|Win32
		{C1774AE0-2EC2-3DFC-96EA-81B4AF3F6307}.Release|Win32.ActiveCfg = Release|Win32
		{C1774AE0-2EC2-3DFC-96EA-81B4AF3F6307}.Release|Win32.Build.0 = Release|Win32
		{58C696B8-B378-31D3-A88C-6E93B4BF84B5}.Debug|Win32.ActiveCfg = Debug|Win32
		{58C696B8-B378-31D3-A88C-6E93B4BF84B5}.Debug|Win32.Build.0 = Debug|Win32
		{58C696B8-B378-31D3-A88C-6E93B4BF84B5}.Release|Win32.ActiveCfg = Release|Win32
		{58C696B8-B378-31D3-A88C-6E93B4BF84B5}.Release|Win32.Build.0 = Release|Win32
		{4E9890F2-8C9A-335F-8F72-A965CC436407}.Debug|Win32.ActiveCfg = Debug|Win32
		{4E9890F2-8C9A-335F-8F72-A965CC436407}.Debug|Win32.Build.0 = Debug|Win32
		{4E9890F2-8C9A-335F-8F72-A965CC436407}.Release|Win32.ActiveCfg = Release|Win32
		{4E9890F2-8C9A-335F-8F72-A965CC436407}.Release|Win32.Build.0 = Release|Win32
		{E6C3FDCC-1E2D-37A6-96C3-30CDAEE8729A}.Debug|Win32.ActiveCfg = Debug|Win32
		{E6C3FDCC-1E2D-37A6-96C3-30CDAEE8729A}.Debug|Win32.Build.0 = Debug|Win32
		{E6C3FDCC-1E2D-37A6-96C3-30CDAEE8729A}.Release|Win32.ActiveCfg = Release|Win32
		{E6C3FDCC-1E2D-37A6-96C3-30CDAEE8729A}.Release|Win32.Build.0 = Release|Win32
		{635A607B-9B34-37B6-9814-57249D0E5DA3}.Debug|Win32.ActiveCfg = Debug|Win32
		{635A607B-9B34-37B6-9814-57249D0E5DA3}.Debug|Win32.Build.0 = Debug|Win32
		{635A607B-9B34-37B6-9814-57249D0E5DA3}.Release|Win32.ActiveCfg = Release|Win32
		{635A607B-9B34-37B6-9814-57249D0E5DA3}.Release|Win32.Build.0 = Release|Win32
		{C2E8DB4E-B7D9-31A3-86D8-D3127E600552}.Debug|Win32.ActiveCfg = Debug|Win32
		{C2E8DB4E-B7D9-31A3-86D8-D3127E600552}.Debug|Win32.Build.0 = Debug|Win32
		{C2E8DB4E-B7D9-31A3-86D8-D3127E600552}.Release|Win32.ActiveCfg = Release|Win32
		{C2E8DB4E-B7D9-31A3-86D8-D3127E600552}.Release|Win32.Build.0 = Release|Win32
		{01F401EF-0F3F-3B47-9C27-1DDB76FE5B73}.Debug|Win32.ActiveCfg = Debug|Win32
		{01F401EF-0F3F-3B47-9C27-1DDB76FE5B73}.Debug|Win32.Build.0 = Debug|Win32
		{01F401EF-0F3F-3B47-9C27-1DDB76FE5B73}.Release|Win32.ActiveCfg = Release|Win32
		{01F401EF-0F3F-3B47-9C27-1DDB76FE5B73}.Release|Win32.Build.0 = Release|Win32
		{7FAF0B98-8730-3585-9F9B-C27EAA78F46F}.Debug|Win32.ActiveCfg = Debug|Win32
		{7FAF0B98-8730-3585-9F9B-C27EAA78F46F}.Debug|Win32.Build.0 = Debug|Win32
		{7FAF0B98-8730-3585-9F9B-C27EAA78F46F}.Release|Win32.ActiveCfg = Release|Win32
		{7FAF0B98-8730-3585-9F9B-C27EAA78F46F}.Release|Win32.Build.0 = Release|Win32
		{BE599B56-0C3D-355D-924F-9D894E23203C}.Debug|Win32.ActiveCfg = Debug|Win32
		{BE599B56-0C3D-355D-924F-9D894E23203C}.Debug|Win32.Build.0 = Debug|Win32
		{BE599B56-0C3D-355D-924F-9D894E23203C}.Release|Win32.ActiveCfg = Release|Win32
		{BE599B56-0C3D-355D-924F-9D894E23203C}.Release|Win32.Build.0 = Release|Win32
		{8613B5D3-7663-4012-8430-47CD312EEAD3}.Debug|Win32.ActiveCfg = Debug|Win32
		{8613B5D3-7663-4012-8430-47CD312EEAD3}.Release|Win32.ActiveCfg = Release|Win32
		{EA97F727-7A90-48A7-B913-76891B74A069}.Debug|Win32.ActiveCfg = Debug|Win32
		{EA97F727-7A90-48A7-B913-76891B74A069}.Debug|Win32.Build.0 = Debug|Win32
		{EA97F727-7A90-48A7-B913-76891B74A069}.Release|Win32.ActiveCfg = Release|Win32
		{EA97F727-7A90-48A7-B913-76891B74A069}.Release|Win32.Build.0 = Release|Win32
		{11BF41F6-8FF3-40CD-BCD5-09C9875F9284}.Debug|Win32.ActiveCfg = Debug|Win32
		{11BF41F6-8FF3-40CD-BCD5-09C9875F9284}.Debug|Win32.Build.0 = Debug|Win32
		{11BF41F6-8FF3-40CD-BCD5-09C9875F9284}.Release|Win32.ActiveCfg = Release|Win32
		{11BF41F6-8FF3-40CD-BCD5-09C9875F9284}.Release|Win32.Build.0 = Release|Win32
		{D8C2ED1D-B769-39DF-B885-5A7693EDD92D}.Debug|Win32.ActiveCfg = Debug|Win32
		{D8C2ED1D-B769-39DF-B885-5A7693EDD92D}.Debug|Win32.Build.0 = Debug|Win32
		{D8C2ED1D-B769-39DF-B885-5A7693EDD92D}.Release|Win32.ActiveCfg = Release|Win32
		{D8C2ED1D-B769-39DF-B885-5A7693EDD92D}.Release|Win32.Build.0 = Release|Win32
	EndGlobalSection
	GlobalSection(SolutionProperties) = preSolution
		HideSolutionNode = FALSE
	EndGlobalSection
EndGlobal
